
Microsoft Visual Studio Solution File, Format Version 11.00
# Visual Studio 2010
Project("{FAE04EC0-301F-11D3-BF4B-00C04F79EFBC}") = "CitySmallVR", "Assembly-CSharp.csproj", "{8931A59B-10A0-8D71-D9A7-E2F3F923E2F5}"
EndProject
Project("{FAE04EC0-301F-11D3-BF4B-00C04F79EFBC}") = "CitySmallVR", "Assembly-CSharp-Editor.csproj", "{E2659EB1-2D5A-F08F-160D-7E155904A61E}"
EndProject
Global
	GlobalSection(SolutionConfigurationPlatforms) = preSolution
		Debug|Any CPU = Debug|Any CPU
		Release|Any CPU = Release|Any CPU
	EndGlobalSection
	GlobalSection(ProjectConfigurationPlatforms) = postSolution
		{8931A59B-10A0-8D71-D9A7-E2F3F923E2F5}.Debug|Any CPU.ActiveCfg = Debug|Any CPU
		{8931A59B-10A0-8D71-D9A7-E2F3F923E2F5}.Debug|Any CPU.Build.0 = Debug|Any CPU
		{8931A59B-10A0-8D71-D9A7-E2F3F923E2F5}.Release|Any CPU.ActiveCfg = Release|Any CPU
		{8931A59B-10A0-8D71-D9A7-E2F3F923E2F5}.Release|Any CPU.Build.0 = Release|Any CPU
		{E2659EB1-2D5A-F08F-160D-7E155904A61E}.Debug|Any CPU.ActiveCfg = Debug|Any CPU
		{E2659EB1-2D5A-F08F-160D-7E155904A61E}.Debug|Any CPU.Build.0 = Debug|Any CPU
		{E2659EB1-2D5A-F08F-160D-7E155904A61E}.Release|Any CPU.ActiveCfg = Release|Any CPU
		{E2659EB1-2D5A-F08F-160D-7E155904A61E}.Release|Any CPU.Build.0 = Release|Any CPU
	EndGlobalSection
	GlobalSection(SolutionProperties) = preSolution
		HideSolutionNode = FALSE
	EndGlobalSection
	GlobalSection(MonoDevelopProperties) = preSolution
		StartupItem = Assembly-CSharp.csproj
	EndGlobalSection
EndGlobal
